
Microsoft Visual Studio Solution File, Format Version 12.00
# Visual Studio 2012
Project("{FAE04EC0-301F-11D3-BF4B-00C04F79EFBC}") = "OptionalWCF", "OptionalWCF\OptionalWCF.csproj", "{65A2E3AE-4303-49FD-A8EE-57292757CE74}"
EndProject
Project("{FAE04EC0-301F-11D3-BF4B-00C04F79EFBC}") = "OptionalWCF.Client", "OptionalWCF.Client\OptionalWCF.Client.csproj", "{1FA94687-6853-45C3-8777-B98E4084FA09}"
EndProject
Project("{FAE04EC0-301F-11D3-BF4B-00C04F79EFBC}") = "OptionalWCF.ServiceImpl", "OptionalWCF.ServiceImpl\OptionalWCF.ServiceImpl.csproj", "{5EFA5714-4A1B-4D05-82C2-ECE62DE8F5EF}"
EndProject
Project("{FAE04EC0-301F-11D3-BF4B-00C04F79EFBC}") = "OptionalWCF.WAS", "OptionalWCF.WAS\OptionalWCF.WAS.csproj", "{4EABB6AE-5176-42E3-94A2-DC0E990BF1BF}"
EndProject
Project("{2150E333-8FDC-42A3-9474-1A3956D46DE8}") = ".nuget", ".nuget", "{D8F7388F-BAD5-4E2B-A61B-AD66B96C750D}"
	ProjectSection(SolutionItems) = preProject
		.nuget\NuGet.Config = .nuget\NuGet.Config
		.nuget\NuGet.exe = .nuget\NuGet.exe
		.nuget\NuGet.targets = .nuget\NuGet.targets
	EndProjectSection
EndProject
Global
	GlobalSection(SolutionConfigurationPlatforms) = preSolution
		Debug|Any CPU = Debug|Any CPU
		Release|Any CPU = Release|Any CPU
	EndGlobalSection
	GlobalSection(ProjectConfigurationPlatforms) = postSolution
		{65A2E3AE-4303-49FD-A8EE-57292757CE74}.Debug|Any CPU.ActiveCfg = Debug|Any CPU
		{65A2E3AE-4303-49FD-A8EE-57292757CE74}.Debug|Any CPU.Build.0 = Debug|Any CPU
		{65A2E3AE-4303-49FD-A8EE-57292757CE74}.Release|Any CPU.ActiveCfg = Release|Any CPU
		{65A2E3AE-4303-49FD-A8EE-57292757CE74}.Release|Any CPU.Build.0 = Release|Any CPU
		{1FA94687-6853-45C3-8777-B98E4084FA09}.Debug|Any CPU.ActiveCfg = Debug|Any CPU
		{1FA94687-6853-45C3-8777-B98E4084FA09}.Debug|Any CPU.Build.0 = Debug|Any CPU
		{1FA94687-6853-45C3-8777-B98E4084FA09}.Release|Any CPU.ActiveCfg = Release|Any CPU
		{1FA94687-6853-45C3-8777-B98E4084FA09}.Release|Any CPU.Build.0 = Release|Any CPU
		{5EFA5714-4A1B-4D05-82C2-ECE62DE8F5EF}.Debug|Any CPU.ActiveCfg = Debug|Any CPU
		{5EFA5714-4A1B-4D05-82C2-ECE62DE8F5EF}.Debug|Any CPU.Build.0 = Debug|Any CPU
		{5EFA5714-4A1B-4D05-82C2-ECE62DE8F5EF}.Release|Any CPU.ActiveCfg = Release|Any CPU
		{5EFA5714-4A1B-4D05-82C2-ECE62DE8F5EF}.Release|Any CPU.Build.0 = Release|Any CPU
		{4EABB6AE-5176-42E3-94A2-DC0E990BF1BF}.Debug|Any CPU.ActiveCfg = Debug|Any CPU
		{4EABB6AE-5176-42E3-94A2-DC0E990BF1BF}.Debug|Any CPU.Build.0 = Debug|Any CPU
		{4EABB6AE-5176-42E3-94A2-DC0E990BF1BF}.Release|Any CPU.ActiveCfg = Release|Any CPU
		{4EABB6AE-5176-42E3-94A2-DC0E990BF1BF}.Release|Any CPU.Build.0 = Release|Any CPU
	EndGlobalSection
	GlobalSection(SolutionProperties) = preSolution
		HideSolutionNode = FALSE
	EndGlobalSection
EndGlobal
